DEPENDENCIES
  ark
  build-essential
  dovecot
  elasticsearch
  export-envs
    path: export-envs
  git
  htpasswd
  java
  kibana
    git: https://github.com/realityforge/chef-kibana.git
    revision: eb073bf7b8c5e55df604cbcad1dd251a79c69ea1
  nginx
  nginx_basic_auth
    path: nginx_basic_auth
  node_dump
    path: node_dump
  nodejs
  opsworks-custom-cookbooks
    path: .
    metadata: true
  postfix
  td-agent-custom
    path: td-agent-custom
  unicorn
    path: unicorn
  user_management
  yum

GRAPH
  7-zip (1.0.2)
    windows (>= 1.2.2)
  apt (2.8.2)
  ark (0.9.0)
    7-zip (>= 0.0.0)
    windows (>= 0.0.0)
  bluepill (2.3.1)
    rsyslog (>= 0.0.0)
  build-essential (2.2.3)
  chef_handler (1.2.0)
  dmg (2.2.2)
  dovecot (2.2.2)
    ohai (>= 0.0.0)
  elasticsearch (0.3.14)
    ark (>= 0.2.4)
  export-envs (0.1.0)
  git (4.3.4)
    build-essential (>= 0.0.0)
    dmg (>= 0.0.0)
    windows (>= 0.0.0)
    yum-epel (>= 0.0.0)
  homebrew (1.13.0)
    build-essential (>= 2.1.2)
  htpasswd (0.2.4)
    python (>= 0.0.0)
  java (1.35.0)
  kibana (0.1.9)
    ark (>= 0.0.0)
    build-essential (>= 0.0.0)
  nginx (2.7.6)
    apt (~> 2.2)
    bluepill (~> 2.3)
    build-essential (~> 2.0)
    ohai (~> 2.0)
    runit (~> 1.2)
    yum-epel (~> 0.3)
  nginx_basic_auth (0.1.0)
    htpasswd (>= 0.0.0)
  node_dump (0.1.0)
  nodejs (2.4.2)
    apt (>= 0.0.0)
    ark (>= 0.0.0)
    build-essential (>= 0.0.0)
    homebrew (>= 0.0.0)
    yum-epel (>= 0.0.0)
  ohai (2.0.1)
  opsworks-custom-cookbooks (0.1.0)
  packagecloud (0.0.19)
  postfix (3.7.0)
  python (1.4.6)
    build-essential (>= 0.0.0)
    yum-epel (>= 0.0.0)
  rsyslog (2.1.0)
  runit (1.7.2)
    packagecloud (>= 0.0.0)
  td-agent-custom (0.1.0)
  unicorn (0.1.0)
  user_management (1.0.1)
  windows (1.38.1)
    chef_handler (>= 0.0.0)
  yum (3.6.3)
  yum-epel (0.6.2)
    yum (~> 3.2)
